{
  "name": "intent-driven-synthesis",
  "lockfileVersion": 3,
  "requires": true,
  "packages": {
    "": {
      "dependencies": {
        "toolcool-range-slider": "^4.0.27"
      }
    },
    "node_modules/toolcool-range-slider": {
      "version": "4.0.27",
      "resolved": "https://registry.npmjs.org/toolcool-range-slider/-/toolcool-range-slider-4.0.27.tgz",
      "integrity": "sha512-vK83A+zYihWTEM74276G0BFa/OOL6GlI/35cRtBNczHfGG0rEr71iOX3lsGleLviaNng32dAJ+ByaysgWME2lQ=="
    }
  }
}
